
Microsoft Visual Studio Solution File, Format Version 12.00
# Visual Studio Version 16
VisualStudioVersion = 16.0.31624.102
MinimumVisualStudioVersion = 10.0.40219.1
Project("{FAE04EC0-301F-11D3-BF4B-00C04F79EFBC}") = "OOP Elective 1", "OOP Elective 1.csproj", "{3C7B28CC-1A45-46E5-AAF2-FA2C51373947}"
EndProject
Global
	GlobalSection(SolutionConfigurationPlatforms) = preSolution
		Debug|Any CPU = Debug|Any CPU
		Release|Any CPU = Release|Any CPU
	EndGlobalSection
	GlobalSection(ProjectConfigurationPlatforms) = postSolution
		{3C7B28CC-1A45-46E5-AAF2-FA2C51373947}.Debug|Any CPU.ActiveCfg = Debug|Any CPU
		{3C7B28CC-1A45-46E5-AAF2-FA2C51373947}.Debug|Any CPU.Build.0 = Debug|Any CPU
		{3C7B28CC-1A45-46E5-AAF2-FA2C51373947}.Release|Any CPU.ActiveCfg = Release|Any CPU
		{3C7B28CC-1A45-46E5-AAF2-FA2C51373947}.Release|Any CPU.Build.0 = Release|Any CPU
	EndGlobalSection
	GlobalSection(SolutionProperties) = preSolution
		HideSolutionNode = FALSE
	EndGlobalSection
	GlobalSection(ExtensibilityGlobals) = postSolution
		SolutionGuid = {C18193BC-409C-41E3-B879-B57D5BF66660}
	EndGlobalSection
EndGlobal
